// !$*UTF8*$!
{
	archiveVersion = 1;
	classes = {
	};
	objectVersion = 56;
	objects = {

/* Begin PBXBuildFile section */
		CE56F1702CC2DF4C007EF5A9 /* tts_swiftApp.swift in Sources */ = {isa = PBXBuildFile; fileRef = CE56F16F2CC2DF4C007EF5A9 /* tts_swiftApp.swift */; };
		CE56F1722CC2DF4C007EF5A9 /* ContentView.swift in Sources */ = {isa = PBXBuildFile; fileRef = CE56F1712CC2DF4C007EF5A9 /* ContentView.swift */; };
		CE56F1742CC2DF4D007EF5A9 /* Assets.xcassets in Resources */ = {isa = PBXBuildFile; fileRef = CE56F1732CC2DF4D007EF5A9 /* Assets.xcassets */; };
		CE56F1772CC2DF4D007EF5A9 /* Preview Assets.xcassets in Resources */ = {isa = PBXBuildFile; fileRef = CE56F1762CC2DF4D007EF5A9 /* Preview Assets.xcassets */; };
		CE56F1812CC2DF4D007EF5A9 /* tts_swiftTests.swift in Sources */ = {isa = PBXBuildFile; fileRef = CE56F1802CC2DF4D007EF5A9 /* tts_swiftTests.swift */; };
		CE56F18B2CC2DF4D007EF5A9 /* tts_swiftUITests.swift in Sources */ = {isa = PBXBuildFile; fileRef = CE56F18A2CC2DF4D007EF5A9 /* tts_swiftUITests.swift */; };
		CE56F18D2CC2DF4D007EF5A9 /* tts_swiftUITestsLaunchTests.swift in Sources */ = {isa = PBXBuildFile; fileRef = CE56F18C2CC2DF4D007EF5A9 /* tts_swiftUITestsLaunchTests.swift */; };
/* End PBXBuildFile section */

/* Begin PBXContainerItemProxy section */
		CE56F17D2CC2DF4D007EF5A9 /* PBXContainerItemProxy */ = {
			isa = PBXContainerItemProxy;
			containerPortal = CE56F1642CC2DF4C007EF5A9 /* Project object */;
			proxyType = 1;
			remoteGlobalIDString = CE56F16B2CC2DF4C007EF5A9;
			remoteInfo = "tts-swift";
		};
		CE56F1872CC2DF4D007EF5A9 /* PBXContainerItemProxy */ = {
			isa = PBXContainerItemProxy;
			containerPortal = CE56F1642CC2DF4C007EF5A9 /* Project object */;
			proxyType = 1;
			remoteGlobalIDString = CE56F16B2CC2DF4C007EF5A9;
			remoteInfo = "tts-swift";
		};
/* End PBXContainerItemProxy section */

/* Begin PBXFileReference section */
		CE56F16C2CC2DF4C007EF5A9 /* tts-swift.app */ = {isa = PBXFileReference; explicitFileType = wrapper.application; includeInIndex = 0; path = "tts-swift.app"; sourceTree = BUILT_PRODUCTS_DIR; };
		CE56F16F2CC2DF4C007EF5A9 /* tts_swiftApp.swift */ = {isa = PBXFileReference; lastKnownFileType = sourcecode.swift; path = tts_swiftApp.swift; sourceTree = "<group>"; };
		CE56F1712CC2DF4C007EF5A9 /* ContentView.swift */ = {isa = PBXFileReference; lastKnownFileType = sourcecode.swift; path = ContentView.swift; sourceTree = "<group>"; };
		CE56F1732CC2DF4D007EF5A9 /* Assets.xcassets */ = {isa = PBXFileReference; lastKnownFileType = folder.assetcatalog; path = Assets.xcassets; sourceTree = "<group>"; };
		CE56F1762CC2DF4D007EF5A9 /* Preview Assets.xcassets */ = {isa = PBXFileReference; lastKnownFileType = folder.assetcatalog; path = "Preview Assets.xcassets"; sourceTree = "<group>"; };
		CE56F17C2CC2DF4D007EF5A9 /* tts-swiftTests.xctest */ = {isa = PBXFileReference; explicitFileType = wrapper.cfbundle; includeInIndex = 0; path = "tts-swiftTests.xctest"; sourceTree = BUILT_PRODUCTS_DIR; };
		CE56F1802CC2DF4D007EF5A9 /* tts_swiftTests.swift */ = {isa = PBXFileReference; lastKnownFileType = sourcecode.swift; path = tts_swiftTests.swift; sourceTree = "<group>"; };
		CE56F1862CC2DF4D007EF5A9 /* tts-swiftUITests.xctest */ = {isa = PBXFileReference; explicitFileType = wrapper.cfbundle; includeInIndex = 0; path = "tts-swiftUITests.xctest"; sourceTree = BUILT_PRODUCTS_DIR; };
		CE56F18A2CC2DF4D007EF5A9 /* tts_swiftUITests.swift */ = {isa = PBXFileReference; lastKnownFileType = sourcecode.swift; path = tts_swiftUITests.swift; sourceTree = "<group>"; };
		CE56F18C2CC2DF4D007EF5A9 /* tts_swiftUITestsLaunchTests.swift */ = {isa = PBXFileReference; lastKnownFileType = sourcecode.swift; path = tts_swiftUITestsLaunchTests.swift; sourceTree = "<group>"; };
/* End PBXFileReference section */

/* Begin PBXFrameworksBuildPhase section */
		CE56F1692CC2DF4C007EF5A9 /* Frameworks */ = {
			isa = PBXFrameworksBuildPhase;
			buildActionMask = 2147483647;
			files = (
			);
			runOnlyForDeploymentPostprocessing = 0;
		};
		CE56F1792CC2DF4D007EF5A9 /* Frameworks */ = {
			isa = PBXFrameworksBuildPhase;
			buildActionMask = 2147483647;
			files = (
			);
			runOnlyForDeploymentPostprocessing = 0;
		};
		CE56F1832CC2DF4D007EF5A9 /* Frameworks */ = {
			isa = PBXFrameworksBuildPhase;
			buildActionMask = 2147483647;
			files = (
			);
			runOnlyForDeploymentPostprocessing = 0;
		};
/* End PBXFrameworksBuildPhase section */

/* Begin PBXGroup section */
		CE56F1632CC2DF4C007EF5A9 = {
			isa = PBXGroup;
			children = (
				CE56F16E2CC2DF4C007EF5A9 /* tts-swift */,
				CE56F17F2CC2DF4D007EF5A9 /* tts-swiftTests */,
				CE56F1892CC2DF4D007EF5A9 /* tts-swiftUITests */,
				CE56F16D2CC2DF4C007EF5A9 /* Products */,
			);
			sourceTree = "<group>";
		};
		CE56F16D2CC2DF4C007EF5A9 /* Products */ = {
			isa = PBXGroup;
			children = (
				CE56F16C2CC2DF4C007EF5A9 /* tts-swift.app */,
				CE56F17C2CC2DF4D007EF5A9 /* tts-swiftTests.xctest */,
				CE56F1862CC2DF4D007EF5A9 /* tts-swiftUITests.xctest */,
			);
			name = Products;
			sourceTree = "<group>";
		};
		CE56F16E2CC2DF4C007EF5A9 /* tts-swift */ = {
			isa = PBXGroup;
			children = (
				CE56F16F2CC2DF4C007EF5A9 /* tts_swiftApp.swift */,
				CE56F1712CC2DF4C007EF5A9 /* ContentView.swift */,
				CE56F1732CC2DF4D007EF5A9 /* Assets.xcassets */,
				CE56F1752CC2DF4D007EF5A9 /* Preview Content */,
			);
			path = "tts-swift";
			sourceTree = "<group>";
		};
		CE56F1752CC2DF4D007EF5A9 /* Preview Content */ = {
			isa = PBXGroup;
			children = (
				CE56F1762CC2DF4D007EF5A9 /* Preview Assets.xcassets */,
			);
			path = "Preview Content";
			sourceTree = "<group>";
		};
		CE56F17F2CC2DF4D007EF5A9 /* tts-swiftTests */ = {
			isa = PBXGroup;
			children = (
				CE56F1802CC2DF4D007EF5A9 /* tts_swiftTests.swift */,
			);
			path = "tts-swiftTests";
			sourceTree = "<group>";
		};
		CE56F1892CC2DF4D007EF5A9 /* tts-swiftUITests */ = {
			isa = PBXGroup;
			children = (
				CE56F18A2CC2DF4D007EF5A9 /* tts_swiftUITests.swift */,
				CE56F18C2CC2DF4D007EF5A9 /* tts_swiftUITestsLaunchTests.swift */,
			);
			path = "tts-swiftUITests";
			sourceTree = "<group>";
		};
/* End PBXGroup section */

/* Begin PBXNativeTarget section */
		CE56F16B2CC2DF4C007EF5A9 /* tts-swift */ = {
			isa = PBXNativeTarget;
			buildConfigurationList = CE56F1902CC2DF4D007EF5A9 /* Build configuration list for PBXNativeTarget "tts-swift" */;
			buildPhases = (
				CE56F1682CC2DF4C007EF5A9 /* Sources */,
				CE56F1692CC2DF4C007EF5A9 /* Frameworks */,
				CE56F16A2CC2DF4C007EF5A9 /* Resources */,
			);
			buildRules = (
			);
			dependencies = (
			);
			name = "tts-swift";
			productName = "tts-swift";
			productReference = CE56F16C2CC2DF4C007EF5A9 /* tts-swift.app */;
			productType = "com.apple.product-type.application";
		};
		CE56F17B2CC2DF4D007EF5A9 /* tts-swiftTests */ = {
			isa = PBXNativeTarget;
			buildConfigurationList = CE56F1932CC2DF4D007EF5A9 /* Build configuration list for PBXNativeTarget "tts-swiftTests" */;
			buildPhases = (
				CE56F1782CC2DF4D007EF5A9 /* Sources */,
				CE56F1792CC2DF4D007EF5A9 /* Frameworks */,
				CE56F17A2CC2DF4D007EF5A9 /* Resources */,
			);
			buildRules = (
			);
			dependencies = (
				CE56F17E2CC2DF4D007EF5A9 /* PBXTargetDependency */,
			);
			name = "tts-swiftTests";
			productName = "tts-swiftTests";
			productReference = CE56F17C2CC2DF4D007EF5A9 /* tts-swiftTests.xctest */;
			productType = "com.apple.product-type.bundle.unit-test";
		};
		CE56F1852CC2DF4D007EF5A9 /* tts-swiftUITests */ = {
			isa = PBXNativeTarget;
			buildConfigurationList = CE56F1962CC2DF4D007EF5A9 /* Build configuration list for PBXNativeTarget "tts-swiftUITests" */;
			buildPhases = (
				CE56F1822CC2DF4D007EF5A9 /* Sources */,
				CE56F1832CC2DF4D007EF5A9 /* Frameworks */,
				CE56F1842CC2DF4D007EF5A9 /* Resources */,
			);
			buildRules = (
			);
			dependencies = (
				CE56F1882CC2DF4D007EF5A9 /* PBXTargetDependency */,
			);
			name = "tts-swiftUITests";
			productName = "tts-swiftUITests";
			productReference = CE56F1862CC2DF4D007EF5A9 /* tts-swiftUITests.xctest */;
			productType = "com.apple.product-type.bundle.ui-testing";
		};
/* End PBXNativeTarget section */

/* Begin PBXProject section */
		CE56F1642CC2DF4C007EF5A9 /* Project object */ = {
			isa = PBXProject;
			attributes = {
				BuildIndependentTargetsInParallel = 1;
				LastSwiftUpdateCheck = 1540;
				LastUpgradeCheck = 1540;
				TargetAttributes = {
					CE56F16B2CC2DF4C007EF5A9 = {
						CreatedOnToolsVersion = 15.4;
					};
					CE56F17B2CC2DF4D007EF5A9 = {
						CreatedOnToolsVersion = 15.4;
						TestTargetID = CE56F16B2CC2DF4C007EF5A9;
					};
					CE56F1852CC2DF4D007EF5A9 = {
						CreatedOnToolsVersion = 15.4;
						TestTargetID = CE56F16B2CC2DF4C007EF5A9;
					};
				};
			};
			buildConfigurationList = CE56F1672CC2DF4C007EF5A9 /* Build configuration list for PBXProject "tts-swift" */;
			compatibilityVersion = "Xcode 14.0";
			developmentRegion = en;
			hasScannedForEncodings = 0;
			knownRegions = (
				en,
				Base,
			);
			mainGroup = CE56F1632CC2DF4C007EF5A9;
			productRefGroup = CE56F16D2CC2DF4C007EF5A9 /* Products */;
			projectDirPath = "";
			projectRoot = "";
			targets = (
				CE56F16B2CC2DF4C007EF5A9 /* tts-swift */,
				CE56F17B2CC2DF4D007EF5A9 /* tts-swiftTests */,
				CE56F1852CC2DF4D007EF5A9 /* tts-swiftUITests */,
			);
		};
/* End PBXProject section */

/* Begin PBXResourcesBuildPhase section */
		CE56F16A2CC2DF4C007EF5A9 /* Resources */ = {
			isa = PBXResourcesBuildPhase;
			buildActionMask = 2147483647;
			files = (
				CE56F1772CC2DF4D007EF5A9 /* Preview Assets.xcassets in Resources */,
				CE56F1742CC2DF4D007EF5A9 /* Assets.xcassets in Resources */,
			);
			runOnlyForDeploymentPostprocessing = 0;
		};
		CE56F17A2CC2DF4D007EF5A9 /* Resources */ = {
			isa = PBXResourcesBuildPhase;
			buildActionMask = 2147483647;
			files = (
			);
			runOnlyForDeploymentPostprocessing = 0;
		};
		CE56F1842CC2DF4D007EF5A9 /* Resources */ = {
			isa = PBXResourcesBuildPhase;
			buildActionMask = 2147483647;
			files = (
			);
			runOnlyForDeploymentPostprocessing = 0;
		};
/* End PBXResourcesBuildPhase section */

/* Begin PBXSourcesBuildPhase section */
		CE56F1682CC2DF4C007EF5A9 /* Sources */ = {
			isa = PBXSourcesBuildPhase;
			buildActionMask = 2147483647;
			files = (
				CE56F1722CC2DF4C007EF5A9 /* ContentView.swift in Sources */,
				CE56F1702CC2DF4C007EF5A9 /* tts_swiftApp.swift in Sources */,
			);
			runOnlyForDeploymentPostprocessing = 0;
		};
		CE56F1782CC2DF4D007EF5A9 /* Sources */ = {
			isa = PBXSourcesBuildPhase;
			buildActionMask = 2147483647;
			files = (
				CE56F1812CC2DF4D007EF5A9 /* tts_swiftTests.swift in Sources */,
			);
			runOnlyForDeploymentPostprocessing = 0;
		};
		CE56F1822CC2DF4D007EF5A9 /* Sources */ = {
			isa = PBXSourcesBuildPhase;
			buildActionMask = 2147483647;
			files = (
				CE56F18D2CC2DF4D007EF5A9 /* tts_swiftUITestsLaunchTests.swift in Sources */,
				CE56F18B2CC2DF4D007EF5A9 /* tts_swiftUITests.swift in Sources */,
			);
			runOnlyForDeploymentPostprocessing = 0;
		};
/* End PBXSourcesBuildPhase section */

/* Begin PBXTargetDependency section */
		CE56F17E2CC2DF4D007EF5A9 /* PBXTargetDependency */ = {
			isa = PBXTargetDependency;
			target = CE56F16B2CC2DF4C007EF5A9 /* tts-swift */;
			targetProxy = CE56F17D2CC2DF4D007EF5A9 /* PBXContainerItemProxy */;
		};
		CE56F1882CC2DF4D007EF5A9 /* PBXTargetDependency */ = {
			isa = PBXTargetDependency;
			target = CE56F16B2CC2DF4C007EF5A9 /* tts-swift */;
			targetProxy = CE56F1872CC2DF4D007EF5A9 /* PBXContainerItemProxy */;
		};
/* End PBXTargetDependency section */

/* Begin XCBuildConfiguration section */
		CE56F18E2CC2DF4D007EF5A9 /* Debug */ = {
			isa = XCBuildConfiguration;
			buildSettings = {
				ALWAYS_SEARCH_USER_PATHS = NO;
				ASSETCATALOG_COMPILER_GENERATE_SWIFT_ASSET_SYMBOL_EXTENSIONS = YES;
				CLANG_ANALYZER_NONNULL = YES;
				CLANG_ANALYZER_NUMBER_OBJECT_CONVERSION = YES_AGGRESSIVE;
				CLANG_CXX_LANGUAGE_STANDARD = "gnu++20";
				CLANG_ENABLE_MODULES = YES;
				CLANG_ENABLE_OBJC_ARC = YES;
				CLANG_ENABLE_OBJC_WEAK = YES;
				CLANG_WARN_BLOCK_CAPTURE_AUTORELEASING = YES;
				CLANG_WARN_BOOL_CONVERSION = YES;
				CLANG_WARN_COMMA = YES;
				CLANG_WARN_CONSTANT_CONVERSION = YES;
				CLANG_WARN_DEPRECATED_OBJC_IMPLEMENTATIONS = YES;
				CLANG_WARN_DIRECT_OBJC_ISA_USAGE = YES_ERROR;
				CLANG_WARN_DOCUMENTATION_COMMENTS = YES;
				CLANG_WARN_EMPTY_BODY = YES;
				CLANG_WARN_ENUM_CONVERSION = YES;
				CLANG_WARN_INFINITE_RECURSION = YES;
				CLANG_WARN_INT_CONVERSION = YES;
				CLANG_WARN_NON_LITERAL_NULL_CONVERSION = YES;
				CLANG_WARN_OBJC_IMPLICIT_RETAIN_SELF = YES;
				CLANG_WARN_OBJC_LITERAL_CONVERSION = YES;
				CLANG_WARN_OBJC_ROOT_CLASS = YES_ERROR;
				CLANG_WARN_QUOTED_INCLUDE_IN_FRAMEWORK_HEADER = YES;
				CLANG_WARN_RANGE_LOOP_ANALYSIS = YES;
				CLANG_WARN_STRICT_PROTOTYPES = YES;
				CLANG_WARN_SUSPICIOUS_MOVE = YES;
				CLANG_WARN_UNGUARDED_AVAILABILITY = YES_AGGRESSIVE;
				CLANG_WARN_UNREACHABLE_CODE = YES;
				CLANG_WARN__DUPLICATE_METHOD_MATCH = YES;
				COPY_PHASE_STRIP = NO;
				DEBUG_INFORMATION_FORMAT = dwarf;
				ENABLE_STRICT_OBJC_MSGSEND = YES;
				ENABLE_TESTABILITY = YES;
				ENABLE_USER_SCRIPT_SANDBOXING = YES;
				GCC_C_LANGUAGE_STANDARD = gnu17;
				GCC_DYNAMIC_NO_PIC = NO;
				GCC_NO_COMMON_BLOCKS = YES;
				GCC_OPTIMIZATION_LEVEL = 0;
				GCC_PREPROCESSOR_DEFINITIONS = (
					"DEBUG=1",
					"$(inherited)",
				);
				GCC_WARN_64_TO_32_BIT_CONVERSION = YES;
				GCC_WARN_ABOUT_RETURN_TYPE = YES_ERROR;
				GCC_WARN_UNDECLARED_SELECTOR = YES;
				GCC_WARN_UNINITIALIZED_AUTOS = YES_AGGRESSIVE;
				GCC_WARN_UNUSED_FUNCTION = YES;
				GCC_WARN_UNUSED_VARIABLE = YES;
				IPHONEOS_DEPLOYMENT_TARGET = 17.5;
				LOCALIZATION_PREFERS_STRING_CATALOGS = YES;
				MTL_ENABLE_DEBUG_INFO = INCLUDE_SOURCE;
				MTL_FAST_MATH = YES;
				ONLY_ACTIVE_ARCH = YES;
				SDKROOT = iphoneos;
				SWIFT_ACTIVE_COMPILATION_CONDITIONS = "DEBUG $(inherited)";
				SWIFT_OPTIMIZATION_LEVEL = "-Onone";
			};
			name = Debug;
		};
		CE56F18F2CC2DF4D007EF5A9 /* Release */ = {
			isa = XCBuildConfiguration;
			buildSettings = {
				ALWAYS_SEARCH_USER_PATHS = NO;
				ASSETCATALOG_COMPILER_GENERATE_SWIFT_ASSET_SYMBOL_EXTENSIONS = YES;
				CLANG_ANALYZER_NONNULL = YES;
				CLANG_ANALYZER_NUMBER_OBJECT_CONVERSION = YES_AGGRESSIVE;
				CLANG_CXX_LANGUAGE_STANDARD = "gnu++20";
				CLANG_ENABLE_MODULES = YES;
				CLANG_ENABLE_OBJC_ARC = YES;
				CLANG_ENABLE_OBJC_WEAK = YES;
				CLANG_WARN_BLOCK_CAPTURE_AUTORELEASING = YES;
				CLANG_WARN_BOOL_CONVERSION = YES;
				CLANG_WARN_COMMA = YES;
				CLANG_WARN_CONSTANT_CONVERSION = YES;
				CLANG_WARN_DEPRECATED_OBJC_IMPLEMENTATIONS = YES;
				CLANG_WARN_DIRECT_OBJC_ISA_USAGE = YES_ERROR;
				CLANG_WARN_DOCUMENTATION_COMMENTS = YES;
				CLANG_WARN_EMPTY_BODY = YES;
				CLANG_WARN_ENUM_CONVERSION = YES;
				CLANG_WARN_INFINITE_RECURSION = YES;
				CLANG_WARN_INT_CONVERSION = YES;
				CLANG_WARN_NON_LITERAL_NULL_CONVERSION = YES;
				CLANG_WARN_OBJC_IMPLICIT_RETAIN_SELF = YES;
				CLANG_WARN_OBJC_LITERAL_CONVERSION = YES;
				CLANG_WARN_OBJC_ROOT_CLASS = YES_ERROR;
				CLANG_WARN_QUOTED_INCLUDE_IN_FRAMEWORK_HEADER = YES;
				CLANG_WARN_RANGE_LOOP_ANALYSIS = YES;
				CLANG_WARN_STRICT_PROTOTYPES = YES;
				CLANG_WARN_SUSPICIOUS_MOVE = YES;
				CLANG_WARN_UNGUARDED_AVAILABILITY = YES_AGGRESSIVE;
				CLANG_WARN_UNREACHABLE_CODE = YES;
				CLANG_WARN__DUPLICATE_METHOD_MATCH = YES;
				COPY_PHASE_STRIP = NO;
				DEBUG_INFORMATION_FORMAT = "dwarf-with-dsym";
				ENABLE_NS_ASSERTIONS = NO;
				ENABLE_STRICT_OBJC_MSGSEND = YES;
				ENABLE_USER_SCRIPT_SANDBOXING = YES;
				GCC_C_LANGUAGE_STANDARD = gnu17;
				GCC_NO_COMMON_BLOCKS = YES;
				GCC_WARN_64_TO_32_BIT_CONVERSION = YES;
				GCC_WARN_ABOUT_RETURN_TYPE = YES_ERROR;
				GCC_WARN_UNDECLARED_SELECTOR = YES;
				GCC_WARN_UNINITIALIZED_AUTOS = YES_AGGRESSIVE;
				GCC_WARN_UNUSED_FUNCTION = YES;
				GCC_WARN_UNUSED_VARIABLE = YES;
				IPHONEOS_DEPLOYMENT_TARGET = 17.5;
				LOCALIZATION_PREFERS_STRING_CATALOGS = YES;
				MTL_ENABLE_DEBUG_INFO = NO;
				MTL_FAST_MATH = YES;
				SDKROOT = iphoneos;
				SWIFT_COMPILATION_MODE = wholemodule;
				VALIDATE_PRODUCT = YES;
			};
			name = Release;
		};
		CE56F1912CC2DF4D007EF5A9 /* Debug */ = {
			isa = XCBuildConfiguration;
			buildSettings = {
				ASSETCATALOG_COMPILER_APPICON_NAME = AppIcon;
				ASSETCATALOG_COMPILER_GLOBAL_ACCENT_COLOR_NAME = AccentColor;
				CODE_SIGN_STYLE = Automatic;
				CURRENT_PROJECT_VERSION = 1;
				DEVELOPMENT_ASSET_PATHS = "\"tts-swift/Preview Content\"";
				ENABLE_PREVIEWS = YES;
				GENERATE_INFOPLIST_FILE = YES;
				INFOPLIST_KEY_UIApplicationSceneManifest_Generation = YES;
				INFOPLIST_KEY_UIApplicationSupportsIndirectInputEvents = YES;
				INFOPLIST_KEY_UILaunchScreen_Generation = YES;
				INFOPLIST_KEY_UISupportedInterfaceOrientations_iPad = "UIInterfaceOrientationPortrait UIInterfaceOrientationPortraitUpsideDown UIInterfaceOrientationLandscapeLeft UIInterfaceOrientationLandscapeRight";
				INFOPLIST_KEY_UISupportedInterfaceOrientations_iPhone = "UIInterfaceOrientationPortrait UIInterfaceOrientationLandscapeLeft UIInterfaceOrientationLandscapeRight";
				LD_RUNPATH_SEARCH_PATHS = (
					"$(inherited)",
					"@executable_path/Frameworks",
				);
				MARKETING_VERSION = 1.0;
				PRODUCT_BUNDLE_IDENTIFIER = "-756.tts-swift";
				PRODUCT_NAME = "$(TARGET_NAME)";
				SWIFT_EMIT_LOC_STRINGS = YES;
				SWIFT_VERSION = 5.0;
				TARGETED_DEVICE_FAMILY = "1,2";
			};
			name = Debug;
		};
		CE56F1922CC2DF4D007EF5A9 /* Release */ = {
			isa = XCBuildConfiguration;
			buildSettings = {
				ASSETCATALOG_COMPILER_APPICON_NAME = AppIcon;
				ASSETCATALOG_COMPILER_GLOBAL_ACCENT_COLOR_NAME = AccentColor;
				CODE_SIGN_STYLE = Automatic;
				CURRENT_PROJECT_VERSION = 1;
				DEVELOPMENT_ASSET_PATHS = "\"tts-swift/Preview Content\"";
				ENABLE_PREVIEWS = YES;
				GENERATE_INFOPLIST_FILE = YES;
				INFOPLIST_KEY_UIApplicationSceneManifest_Generation = YES;
				INFOPLIST_KEY_UIApplicationSupportsIndirectInputEvents = YES;
				INFOPLIST_KEY_UILaunchScreen_Generation = YES;
				INFOPLIST_KEY_UISupportedInterfaceOrientations_iPad = "UIInterfaceOrientationPortrait UIInterfaceOrientationPortraitUpsideDown UIInterfaceOrientationLandscapeLeft UIInterfaceOrientationLandscapeRight";
				INFOPLIST_KEY_UISupportedInterfaceOrientations_iPhone = "UIInterfaceOrientationPortrait UIInterfaceOrientationLandscapeLeft UIInterfaceOrientationLandscapeRight";
				LD_RUNPATH_SEARCH_PATHS = (
					"$(inherited)",
					"@executable_path/Frameworks",
				);
				MARKETING_VERSION = 1.0;
				PRODUCT_BUNDLE_IDENTIFIER = "-756.tts-swift";
				PRODUCT_NAME = "$(TARGET_NAME)";
				SWIFT_EMIT_LOC_STRINGS = YES;
				SWIFT_VERSION = 5.0;
				TARGETED_DEVICE_FAMILY = "1,2";
			};
			name = Release;
		};
		CE56F1942CC2DF4D007EF5A9 /* Debug */ = {
			isa = XCBuildConfiguration;
			buildSettings = {
				ALWAYS_EMBED_SWIFT_STANDARD_LIBRARIES = YES;
				BUNDLE_LOADER = "$(TEST_HOST)";
				CODE_SIGN_STYLE = Automatic;
				CURRENT_PROJECT_VERSION = 1;
				GENERATE_INFOPLIST_FILE = YES;
				IPHONEOS_DEPLOYMENT_TARGET = 17.5;
				MARKETING_VERSION = 1.0;
				PRODUCT_BUNDLE_IDENTIFIER = "-756.tts-swiftTests";
				PRODUCT_NAME = "$(TARGET_NAME)";
				SWIFT_EMIT_LOC_STRINGS = NO;
				SWIFT_VERSION = 5.0;
				TARGETED_DEVICE_FAMILY = "1,2";
				TEST_HOST = "$(BUILT_PRODUCTS_DIR)/tts-swift.app/$(BUNDLE_EXECUTABLE_FOLDER_PATH)/tts-swift";
			};
			name = Debug;
		};
		CE56F1952CC2DF4D007EF5A9 /* Release */ = {
			isa = XCBuildConfiguration;
			buildSettings = {
				ALWAYS_EMBED_SWIFT_STANDARD_LIBRARIES = YES;
				BUNDLE_LOADER = "$(TEST_HOST)";
				CODE_SIGN_STYLE = Automatic;
				CURRENT_PROJECT_VERSION = 1;
				GENERATE_INFOPLIST_FILE = YES;
				IPHONEOS_DEPLOYMENT_TARGET = 17.5;
				MARKETING_VERSION = 1.0;
				PRODUCT_BUNDLE_IDENTIFIER = "-756.tts-swiftTests";
				PRODUCT_NAME = "$(TARGET_NAME)";
				SWIFT_EMIT_LOC_STRINGS = NO;
				SWIFT_VERSION = 5.0;
				TARGETED_DEVICE_FAMILY = "1,2";
				TEST_HOST = "$(BUILT_PRODUCTS_DIR)/tts-swift.app/$(BUNDLE_EXECUTABLE_FOLDER_PATH)/tts-swift";
			};
			name = Release;
		};
		CE56F1972CC2DF4D007EF5A9 /* Debug */ = {
			isa = XCBuildConfiguration;
			buildSettings = {
				ALWAYS_EMBED_SWIFT_STANDARD_LIBRARIES = YES;
				CODE_SIGN_STYLE = Automatic;
				CURRENT_PROJECT_VERSION = 1;
				GENERATE_INFOPLIST_FILE = YES;
				MARKETING_VERSION = 1.0;
				PRODUCT_BUNDLE_IDENTIFIER = "-756.tts-swiftUITests";
				PRODUCT_NAME = "$(TARGET_NAME)";
				SWIFT_EMIT_LOC_STRINGS = NO;
				SWIFT_VERSION = 5.0;
				TARGETED_DEVICE_FAMILY = "1,2";
				TEST_TARGET_NAME = "tts-swift";
			};
			name = Debug;
		};
		CE56F1982CC2DF4D007EF5A9 /* Release */ = {
			isa = XCBuildConfiguration;
			buildSettings = {
				ALWAYS_EMBED_SWIFT_STANDARD_LIBRARIES = YES;
				CODE_SIGN_STYLE = Automatic;
				CURRENT_PROJECT_VERSION = 1;
				GENERATE_INFOPLIST_FILE = YES;
				MARKETING_VERSION = 1.0;
				PRODUCT_BUNDLE_IDENTIFIER = "-756.tts-swiftUITests";
				PRODUCT_NAME = "$(TARGET_NAME)";
				SWIFT_EMIT_LOC_STRINGS = NO;
				SWIFT_VERSION = 5.0;
				TARGETED_DEVICE_FAMILY = "1,2";
				TEST_TARGET_NAME = "tts-swift";
			};
			name = Release;
		};
/* End XCBuildConfiguration section */

/* Begin XCConfigurationList section */
		CE56F1672CC2DF4C007EF5A9 /* Build configuration list for PBXProject "tts-swift" */ = {
			isa = XCConfigurationList;
			buildConfigurations = (
				CE56F18E2CC2DF4D007EF5A9 /* Debug */,
				CE56F18F2CC2DF4D007EF5A9 /* Release */,
			);
			defaultConfigurationIsVisible = 0;
			defaultConfigurationName = Release;
		};
		CE56F1902CC2DF4D007EF5A9 /* Build configuration list for PBXNativeTarget "tts-swift" */ = {
			isa = XCConfigurationList;
			buildConfigurations = (
				CE56F1912CC2DF4D007EF5A9 /* Debug */,
				CE56F1922CC2DF4D007EF5A9 /* Release */,
			);
			defaultConfigurationIsVisible = 0;
			defaultConfigurationName = Release;
		};
		CE56F1932CC2DF4D007EF5A9 /* Build configuration list for PBXNativeTarget "tts-swiftTests" */ = {
			isa = XCConfigurationList;
			buildConfigurations = (
				CE56F1942CC2DF4D007EF5A9 /* Debug */,
				CE56F1952CC2DF4D007EF5A9 /* Release */,
			);
			defaultConfigurationIsVisible = 0;
			defaultConfigurationName = Release;
		};
		CE56F1962CC2DF4D007EF5A9 /* Build configuration list for PBXNativeTarget "tts-swiftUITests" */ = {
			isa = XCConfigurationList;
			buildConfigurations = (
				CE56F1972CC2DF4D007EF5A9 /* Debug */,
				CE56F1982CC2DF4D007EF5A9 /* Release */,
			);
			defaultConfigurationIsVisible = 0;
			defaultConfigurationName = Release;
		};
/* End XCConfigurationList section */
	};
	rootObject = CE56F1642CC2DF4C007EF5A9 /* Project object */;
}
